
Microsoft Visual Studio Solution File, Format Version 12.00
# Visual Studio 2015
Project("{FAE04EC0-301F-11D3-BF4B-00C04F79EFBC}") = "GIAG_Unity.CSharp", "GIAG_Unity.CSharp.csproj", "{FEE41C03-5BAD-C5AD-D33F-824CF77FFDC8}"
EndProject
Project("{FAE04EC0-301F-11D3-BF4B-00C04F79EFBC}") = "GIAG_Unity.CSharp.Editor", "GIAG_Unity.CSharp.Editor.csproj", "{50685F6F-1FBE-B971-3900-139C083A21DD}"
EndProject
Global
	GlobalSection(SolutionConfigurationPlatforms) = preSolution
		Debug|Any CPU = Debug|Any CPU
		Release|Any CPU = Release|Any CPU
	EndGlobalSection
	GlobalSection(ProjectConfigurationPlatforms) = postSolution
		{FEE41C03-5BAD-C5AD-D33F-824CF77FFDC8}.Debug|Any CPU.ActiveCfg = Debug|Any CPU
		{FEE41C03-5BAD-C5AD-D33F-824CF77FFDC8}.Debug|Any CPU.Build.0 = Debug|Any CPU
		{FEE41C03-5BAD-C5AD-D33F-824CF77FFDC8}.Release|Any CPU.ActiveCfg = Release|Any CPU
		{FEE41C03-5BAD-C5AD-D33F-824CF77FFDC8}.Release|Any CPU.Build.0 = Release|Any CPU
		{50685F6F-1FBE-B971-3900-139C083A21DD}.Debug|Any CPU.ActiveCfg = Debug|Any CPU
		{50685F6F-1FBE-B971-3900-139C083A21DD}.Debug|Any CPU.Build.0 = Debug|Any CPU
		{50685F6F-1FBE-B971-3900-139C083A21DD}.Release|Any CPU.ActiveCfg = Release|Any CPU
		{50685F6F-1FBE-B971-3900-139C083A21DD}.Release|Any CPU.Build.0 = Release|Any CPU
	EndGlobalSection
	GlobalSection(SolutionProperties) = preSolution
		HideSolutionNode = FALSE
	EndGlobalSection
EndGlobal
